
Microsoft Visual Studio Solution File, Format Version 12.00
# Visual Studio Version 17
VisualStudioVersion = 17.9.34622.214
MinimumVisualStudioVersion = 10.0.40219.1
Project("{FAE04EC0-301F-11D3-BF4B-00C04F79EFBC}") = "MyFormsRepoProject", "MyFormsRepoProject\MyFormsRepoProject.csproj", "{098CE39B-1454-4699-B9BD-A2632AD29376}"
EndProject
Global
	GlobalSection(SolutionConfigurationPlatforms) = preSolution
		Debug|Any CPU = Debug|Any CPU
		Release|Any CPU = Release|Any CPU
	EndGlobalSection
	GlobalSection(ProjectConfigurationPlatforms) = postSolution
		{098CE39B-1454-4699-B9BD-A2632AD29376}.Debug|Any CPU.ActiveCfg = Debug|Any CPU
		{098CE39B-1454-4699-B9BD-A2632AD29376}.Debug|Any CPU.Build.0 = Debug|Any CPU
		{098CE39B-1454-4699-B9BD-A2632AD29376}.Release|Any CPU.ActiveCfg = Release|Any CPU
		{098CE39B-1454-4699-B9BD-A2632AD29376}.Release|Any CPU.Build.0 = Release|Any CPU
	EndGlobalSection
	GlobalSection(SolutionProperties) = preSolution
		HideSolutionNode = FALSE
	EndGlobalSection
	GlobalSection(ExtensibilityGlobals) = postSolution
		SolutionGuid = {15CCC6B0-E681-444B-96EA-D76B904276B5}
	EndGlobalSection
EndGlobal
